<?xml version="1.0" encoding="utf-8"?>
<Project ToolsVersion="4.0" xmlns="http://schemas.microsoft.com/developer/msbuild/2003">
  <ItemGroup>
    <Filter Include="Source Files">
      <UniqueIdentifier>{4FC737F1-C7A5-4376-A066-2A32D752A2FF}</UniqueIdentifier>
      <Extensions>cpp;c;cc;cxx;def;odl;idl;hpj;bat;asm;asmx</Extensions>
    </Filter>
    <Filter Include="Header Files">
      <UniqueIdentifier>{93995380-89BD-4b04-88EB-625FBE52EBFB}</UniqueIdentifier>
      <Extensions>h;hh;hpp;hxx;hm;inl;inc;xsd</Extensions>
    </Filter>
    <Filter Include="Resource Files">
      <UniqueIdentifier>{67DA6AB6-F800-4c08-8B7A-83BB121AAD01}</UniqueIdentifier>
      <Extensions>rc;ico;cur;bmp;dlg;rc2;rct;bin;rgs;gif;jpg;jpeg;jpe;resx;tiff;tif;png;wav;mfcribbon-ms</Extensions>
    </Filter>
    <Filter Include="Source Files\Slides">
      <UniqueIdentifier>{feaec748-8230-4ea1-9ff9-32f1d6aae5dd}</UniqueIdentifier>
    </Filter>
    <Filter Include="Source Files\Slides\Rendering">
      <UniqueIdentifier>{a378316a-6bdd-4a5d-8603-3fea4a2abe36}</UniqueIdentifier>
    </Filter>
    <Filter Include="Source Files\Slides\Background">
      <UniqueIdentifier>{0ee5fc81-5d91-4319-9c93-3d02290f67d1}</UniqueIdentifier>
    </Filter>
    <Filter Include="Source Files\Slides\Comments">
      <UniqueIdentifier>{fab92c90-3482-43d3-92b6-c9ad4848f99c}</UniqueIdentifier>
    </Filter>
    <Filter Include="Source Files\Slides\CRUD">
      <UniqueIdentifier>{af75f87d-4026-4713-959a-dbaf28f6bc09}</UniqueIdentifier>
    </Filter>
    <Filter Include="Source Files\Slides\Hyperlinks">
      <UniqueIdentifier>{14798a4c-ca17-489f-99fa-84ce95d98f7b}</UniqueIdentifier>
    </Filter>
    <Filter Include="Source Files\Slides\Layout">
      <UniqueIdentifier>{44e4187c-54a8-4847-8558-f24ff625b07a}</UniqueIdentifier>
    </Filter>
    <Filter Include="Source Files\Slides\ManagingMedia">
      <UniqueIdentifier>{7d3eb732-6437-46ef-b480-3fdfd9e00716}</UniqueIdentifier>
    </Filter>
    <Filter Include="Source Files\Slides\Notes">
      <UniqueIdentifier>{d99cab4d-3472-4f04-a22f-611affd08c74}</UniqueIdentifier>
    </Filter>
    <Filter Include="Source Files\Slides\Transitions">
      <UniqueIdentifier>{8ee626ac-d031-4f77-9d91-7f25ae8dbfac}</UniqueIdentifier>
    </Filter>
    <Filter Include="Source Files\Slides\VBA">
      <UniqueIdentifier>{e0ec5a91-61cf-462f-a8bb-295529284594}</UniqueIdentifier>
    </Filter>
    <Filter Include="Source Files\Slides\Shapes">
      <UniqueIdentifier>{e1d816e7-bb84-4bbe-be3b-3afd191eee44}</UniqueIdentifier>
    </Filter>
    <Filter Include="Source Files\Slides\Shapes\Charts">
      <UniqueIdentifier>{c858c0bd-d3c0-439f-9fee-8e1aaec11ab8}</UniqueIdentifier>
    </Filter>
    <Filter Include="Source Files\Slides\Shapes\ManageAutoShapes">
      <UniqueIdentifier>{d7aba518-3a49-460c-8122-a0899a0f145c}</UniqueIdentifier>
    </Filter>
    <Filter Include="Source Files\Slides\Shapes\ManageFrameObjects">
      <UniqueIdentifier>{2f483424-4c9c-4f32-8f6f-6642affa70fe}</UniqueIdentifier>
    </Filter>
    <Filter Include="Source Files\Slides\Shapes\ShapeEffects">
      <UniqueIdentifier>{7832ac81-e25f-4c3a-982c-2a5b7e3a4bd0}</UniqueIdentifier>
    </Filter>
    <Filter Include="Source Files\Slides\Shapes\SmartArt">
      <UniqueIdentifier>{b24dcb97-9ff7-4055-85b0-3ddfc366fa12}</UniqueIdentifier>
    </Filter>
    <Filter Include="Source Files\Slides\Shapes\Tables">
      <UniqueIdentifier>{89c3b17c-b924-40ca-9ff5-aabb220ee0b3}</UniqueIdentifier>
    </Filter>
    <Filter Include="Source Files\Slides\Shapes\Text">
      <UniqueIdentifier>{8ed9e119-696b-4ec4-ac56-426020bcf635}</UniqueIdentifier>
    </Filter>
    <Filter Include="Source Files\Presentations">
      <UniqueIdentifier>{5a0cc338-b2fb-4821-ad9d-6a70bd30e085}</UniqueIdentifier>
    </Filter>
    <Filter Include="Source Files\Presentations\Conversions">
      <UniqueIdentifier>{7b27e827-825f-420f-b1fc-63b6978167ee}</UniqueIdentifier>
    </Filter>
    <Filter Include="Source Files\Presentations\Opening">
      <UniqueIdentifier>{6fae319a-7893-4d71-834b-7706f00e964b}</UniqueIdentifier>
    </Filter>
    <Filter Include="Source Files\Presentations\Saving">
      <UniqueIdentifier>{e29c6e44-11b0-4801-98ff-6b1e9e01cff5}</UniqueIdentifier>
    </Filter>
    <Filter Include="Source Files\Presentations\Properties">
      <UniqueIdentifier>{7098eff8-01a8-41dc-b2c8-eaa3ddfd9788}</UniqueIdentifier>
    </Filter>
    <Filter Include="Source Files\Presentations\Rendering-Printing">
      <UniqueIdentifier>{422dc70a-601c-4fbc-ab97-e19b4b21092a}</UniqueIdentifier>
    </Filter>
    <Filter Include="Source Files\Presentations\LoadOptions">
      <UniqueIdentifier>{7fa899dc-d3cb-4d62-91c9-528f4060226f}</UniqueIdentifier>
    </Filter>
    <Filter Include="Source Files\Slides\Views">
      <UniqueIdentifier>{986a2ee0-a4f7-490e-a3e2-b8f4c9b9f5de}</UniqueIdentifier>
    </Filter>
  </ItemGroup>
  <ItemGroup>
    <ClCompile Include="main.cpp">
      <Filter>Source Files</Filter>
    </ClCompile>
    <ClCompile Include="SetBackgroundToGradient.cpp">
      <Filter>Source Files\Slides\Background</Filter>
    </ClCompile>
    <ClCompile Include="SetSlideBackgroundMaster.cpp">
      <Filter>Source Files\Slides\Background</Filter>
    </ClCompile>
    <ClCompile Include="SetSlideBackgroundNormal.cpp">
      <Filter>Source Files\Slides\Background</Filter>
    </ClCompile>
    <ClCompile Include="SetImageAsBackground.cpp">
      <Filter>Source Files\Slides\Background</Filter>
    </ClCompile>
    <ClCompile Include="AccessSlideComments.cpp">
      <Filter>Source Files\Slides\Comments</Filter>
    </ClCompile>
    <ClCompile Include="AddSlideComments.cpp">
      <Filter>Source Files\Slides\Comments</Filter>
    </ClCompile>
    <ClCompile Include="AddLayoutSlides.cpp">
      <Filter>Source Files\Slides\CRUD</Filter>
    </ClCompile>
    <ClCompile Include="AccessSlides.cpp">
      <Filter>Source Files\Slides\CRUD</Filter>
    </ClCompile>
    <ClCompile Include="AccessSlidebyID.cpp">
      <Filter>Source Files\Slides\CRUD</Filter>
    </ClCompile>
    <ClCompile Include="AccessSlidebyIndex.cpp">
      <Filter>Source Files\Slides\CRUD</Filter>
    </ClCompile>
    <ClCompile Include="RemoveSlideUsingIndex.cpp">
      <Filter>Source Files\Slides\CRUD</Filter>
    </ClCompile>
    <ClCompile Include="RemoveSlideUsingReference.cpp">
      <Filter>Source Files\Slides\CRUD</Filter>
    </ClCompile>
    <ClCompile Include="ChangePosition.cpp">
      <Filter>Source Files\Slides\CRUD</Filter>
    </ClCompile>
    <ClCompile Include="CloneWithInSamePresentation.cpp">
      <Filter>Source Files\Slides\CRUD</Filter>
    </ClCompile>
    <ClCompile Include="CloneWithinSamePresentationToEnd.cpp">
      <Filter>Source Files\Slides\CRUD</Filter>
    </ClCompile>
    <ClCompile Include="CloneAtEndOfAnotherPresentation.cpp">
      <Filter>Source Files\Slides\CRUD</Filter>
    </ClCompile>
    <ClCompile Include="CloneInAnotherPresentationAtSpecifiedPosition.cpp">
      <Filter>Source Files\Slides\CRUD</Filter>
    </ClCompile>
    <ClCompile Include="CloneAtEndOfAnotherSpecificPosition.cpp">
      <Filter>Source Files\Slides\CRUD</Filter>
    </ClCompile>
    <ClCompile Include="CloneToAnotherPresentationWithMaster.cpp">
      <Filter>Source Files\Slides\CRUD</Filter>
    </ClCompile>
    <ClCompile Include="CloneToAnotherPresentationWithSetSizeAndType.cpp">
      <Filter>Source Files\Slides\CRUD</Filter>
    </ClCompile>
    <ClCompile Include="SetPDFPageSize.cpp">
      <Filter>Source Files\Slides\Layout</Filter>
    </ClCompile>
    <ClCompile Include="ExtractVideo.cpp">
      <Filter>Source Files\Slides\ManagingMedia</Filter>
    </ClCompile>
    <ClCompile Include="RemoveNotesAtSpecificSlide.cpp">
      <Filter>Source Files\Slides\Notes</Filter>
    </ClCompile>
    <ClCompile Include="RemoveNotesFromAllSlides.cpp">
      <Filter>Source Files\Slides\Notes</Filter>
    </ClCompile>
    <ClCompile Include="CreateSlidesSVGImage.cpp">
      <Filter>Source Files\Slides\Rendering</Filter>
    </ClCompile>
    <ClCompile Include="ThumbnailFromSlide.cpp">
      <Filter>Source Files\Slides\Rendering</Filter>
    </ClCompile>
    <ClCompile Include="ThumbnailFromSlideInNotes.cpp">
      <Filter>Source Files\Slides\Rendering</Filter>
    </ClCompile>
    <ClCompile Include="ThumbnailWithUserDefinedDimensions.cpp">
      <Filter>Source Files\Slides\Rendering</Filter>
    </ClCompile>
    <ClCompile Include="ManageSimpleSlideTransitions.cpp">
      <Filter>Source Files\Slides\Transitions</Filter>
    </ClCompile>
    <ClCompile Include="ManagingBetterSlideTransitions.cpp">
      <Filter>Source Files\Slides\Transitions</Filter>
    </ClCompile>
    <ClCompile Include="SetTransitionEffects.cpp">
      <Filter>Source Files\Slides\Transitions</Filter>
    </ClCompile>
    <ClCompile Include="SimpleSlideTransitions.cpp">
      <Filter>Source Files\Slides\Transitions</Filter>
    </ClCompile>
    <ClCompile Include="AddVBAMacros.cpp">
      <Filter>Source Files\Slides\VBA</Filter>
    </ClCompile>
    <ClCompile Include="RemoveVBAMacros.cpp">
      <Filter>Source Files\Slides\VBA</Filter>
    </ClCompile>
    <ClCompile Include="AnimatingCategoriesElements.cpp">
      <Filter>Source Files\Slides\Shapes\Charts</Filter>
    </ClCompile>
    <ClCompile Include="AddCustomError.cpp">
      <Filter>Source Files\Slides\Shapes\Charts</Filter>
    </ClCompile>
    <ClCompile Include="AddErrorBars.cpp">
      <Filter>Source Files\Slides\Shapes\Charts</Filter>
    </ClCompile>
    <ClCompile Include="AnimatingSeries.cpp">
      <Filter>Source Files\Slides\Shapes\Charts</Filter>
    </ClCompile>
    <ClCompile Include="AnimatingSeriesElements.cpp">
      <Filter>Source Files\Slides\Shapes\Charts</Filter>
    </ClCompile>
    <ClCompile Include="AutomaticChartSeriescolor.cpp">
      <Filter>Source Files\Slides\Shapes\Charts</Filter>
    </ClCompile>
    <ClCompile Include="ChangeChartCategoryAxis.cpp">
      <Filter>Source Files\Slides\Shapes\Charts</Filter>
    </ClCompile>
    <ClCompile Include="ChartEntities.cpp">
      <Filter>Source Files\Slides\Shapes\Charts</Filter>
    </ClCompile>
    <ClCompile Include="ChartTrendLines.cpp">
      <Filter>Source Files\Slides\Shapes\Charts</Filter>
    </ClCompile>
    <ClCompile Include="DisplayChartLabels.cpp">
      <Filter>Source Files\Slides\Shapes\Charts</Filter>
    </ClCompile>
    <ClCompile Include="DisplayPercentageAsLabels.cpp">
      <Filter>Source Files\Slides\Shapes\Charts</Filter>
    </ClCompile>
    <ClCompile Include="DoughnutChartHole.cpp">
      <Filter>Source Files\Slides\Shapes\Charts</Filter>
    </ClCompile>
    <ClCompile Include="ExistingChart.cpp">
      <Filter>Source Files\Slides\Shapes\Charts</Filter>
    </ClCompile>
    <ClCompile Include="ManagePropertiesCharts.cpp">
      <Filter>Source Files\Slides\Shapes\Charts</Filter>
    </ClCompile>
    <ClCompile Include="NormalCharts.cpp">
      <Filter>Source Files\Slides\Shapes\Charts</Filter>
    </ClCompile>
    <ClCompile Include="NumberFormat.cpp">
      <Filter>Source Files\Slides\Shapes\Charts</Filter>
    </ClCompile>
    <ClCompile Include="PieChart.cpp">
      <Filter>Source Files\Slides\Shapes\Charts</Filter>
    </ClCompile>
    <ClCompile Include="ScatteredChart.cpp">
      <Filter>Source Files\Slides\Shapes\Charts</Filter>
    </ClCompile>
    <ClCompile Include="SecondPlotOptionsforCharts.cpp">
      <Filter>Source Files\Slides\Shapes\Charts</Filter>
    </ClCompile>
    <ClCompile Include="SetAutomaticSeriesFillColor.cpp">
      <Filter>Source Files\Slides\Shapes\Charts</Filter>
    </ClCompile>
    <ClCompile Include="SetCategoryAxisLabelDistance.cpp">
      <Filter>Source Files\Slides\Shapes\Charts</Filter>
    </ClCompile>
    <ClCompile Include="SetChartSeriesOverlap.cpp">
      <Filter>Source Files\Slides\Shapes\Charts</Filter>
    </ClCompile>
    <ClCompile Include="SetDataLabelsPercentageSign.cpp">
      <Filter>Source Files\Slides\Shapes\Charts</Filter>
    </ClCompile>
    <ClCompile Include="SetDataRange.cpp">
      <Filter>Source Files\Slides\Shapes\Charts</Filter>
    </ClCompile>
    <ClCompile Include="SetGapWidth.cpp">
      <Filter>Source Files\Slides\Shapes\Charts</Filter>
    </ClCompile>
    <ClCompile Include="AccessingAltTextinGroupshapes.cpp">
      <Filter>Source Files\Slides\Shapes\ManageAutoShapes</Filter>
    </ClCompile>
    <ClCompile Include="AddArrowShapedLine.cpp">
      <Filter>Source Files\Slides\Shapes\ManageAutoShapes</Filter>
    </ClCompile>
    <ClCompile Include="AddArrowShapedLineToSlide.cpp">
      <Filter>Source Files\Slides\Shapes\ManageAutoShapes</Filter>
    </ClCompile>
    <ClCompile Include="AddPlainLineToSlide.cpp">
      <Filter>Source Files\Slides\Shapes\ManageAutoShapes</Filter>
    </ClCompile>
    <ClCompile Include="ChangeShapeOrder.cpp">
      <Filter>Source Files\Slides\Shapes\ManageAutoShapes</Filter>
    </ClCompile>
    <ClCompile Include="ConnectorLineAngle.cpp">
      <Filter>Source Files\Slides\Shapes\ManageAutoShapes</Filter>
    </ClCompile>
    <ClCompile Include="ConnectShapesUsingConnectors.cpp">
      <Filter>Source Files\Slides\Shapes\ManageAutoShapes</Filter>
    </ClCompile>
    <ClCompile Include="ConnectShapeUsingConnectionSite.cpp">
      <Filter>Source Files\Slides\Shapes\ManageAutoShapes</Filter>
    </ClCompile>
    <ClCompile Include="FormatJoinStyles.cpp">
      <Filter>Source Files\Slides\Shapes\ManageAutoShapes</Filter>
    </ClCompile>
    <ClCompile Include="FormatLines.cpp">
      <Filter>Source Files\Slides\Shapes\ManageAutoShapes</Filter>
    </ClCompile>
    <ClCompile Include="FormattedEllipse.cpp">
      <Filter>Source Files\Slides\Shapes\ManageAutoShapes</Filter>
    </ClCompile>
    <ClCompile Include="FormattedRectangle.cpp">
      <Filter>Source Files\Slides\Shapes\ManageAutoShapes</Filter>
    </ClCompile>
    <ClCompile Include="SimpleEllipse.cpp">
      <Filter>Source Files\Slides\Shapes\ManageAutoShapes</Filter>
    </ClCompile>
    <ClCompile Include="SimpleRectangle.cpp">
      <Filter>Source Files\Slides\Shapes\ManageAutoShapes</Filter>
    </ClCompile>
    <ClCompile Include="AccessOLEObjectFrame.cpp">
      <Filter>Source Files\Slides\Shapes\ManageFrameObjects</Filter>
    </ClCompile>
    <ClCompile Include="AddAudioFrame.cpp">
      <Filter>Source Files\Slides\Shapes\ManageFrameObjects</Filter>
    </ClCompile>
    <ClCompile Include="AddOLEObjectFrame.cpp">
      <Filter>Source Files\Slides\Shapes\ManageFrameObjects</Filter>
    </ClCompile>
    <ClCompile Include="AddRelativeScaleHeightPictureFrame.cpp">
      <Filter>Source Files\Slides\Shapes\ManageFrameObjects</Filter>
    </ClCompile>
    <ClCompile Include="AddSimplePictureFrames.cpp">
      <Filter>Source Files\Slides\Shapes\ManageFrameObjects</Filter>
    </ClCompile>
    <ClCompile Include="AddVideoFrame.cpp">
      <Filter>Source Files\Slides\Shapes\ManageFrameObjects</Filter>
    </ClCompile>
    <ClCompile Include="AddVideoFrameFromWebSource.cpp">
      <Filter>Source Files\Slides\Shapes\ManageFrameObjects</Filter>
    </ClCompile>
    <ClCompile Include="ChangeOLEObjectData.cpp">
      <Filter>Source Files\Slides\Shapes\ManageFrameObjects</Filter>
    </ClCompile>
    <ClCompile Include="EmbeddedVideoFrame.cpp">
      <Filter>Source Files\Slides\Shapes\ManageFrameObjects</Filter>
    </ClCompile>
    <ClCompile Include="PictureFrameFormatting.cpp">
      <Filter>Source Files\Slides\Shapes\ManageFrameObjects</Filter>
    </ClCompile>
    <ClCompile Include="AnimationsOnShapes.cpp">
      <Filter>Source Files\Slides\Shapes\ShapeEffects</Filter>
    </ClCompile>
    <ClCompile Include="Apply3DRotationEffectOnShape.cpp">
      <Filter>Source Files\Slides\Shapes\ShapeEffects</Filter>
    </ClCompile>
    <ClCompile Include="ApplyBevelEffects.cpp">
      <Filter>Source Files\Slides\Shapes\ShapeEffects</Filter>
    </ClCompile>
    <ClCompile Include="CloneShapes.cpp">
      <Filter>Source Files\Slides\Shapes\ShapeEffects</Filter>
    </ClCompile>
    <ClCompile Include="CreateBoundsShapeThumbnail.cpp">
      <Filter>Source Files\Slides\Shapes\ShapeEffects</Filter>
    </ClCompile>
    <ClCompile Include="CreateGroupShape.cpp">
      <Filter>Source Files\Slides\Shapes\ShapeEffects</Filter>
    </ClCompile>
    <ClCompile Include="CreateScalingFactorThumbnail.cpp">
      <Filter>Source Files\Slides\Shapes\ShapeEffects</Filter>
    </ClCompile>
    <ClCompile Include="CreateShapeThumbnail.cpp">
      <Filter>Source Files\Slides\Shapes\ShapeEffects</Filter>
    </ClCompile>
    <ClCompile Include="CreateSmartArtChildNoteThumbnail.cpp">
      <Filter>Source Files\Slides\Shapes\ShapeEffects</Filter>
    </ClCompile>
    <ClCompile Include="FillShapesGradient.cpp">
      <Filter>Source Files\Slides\Shapes\ShapeEffects</Filter>
    </ClCompile>
    <ClCompile Include="FillShapesPattern.cpp">
      <Filter>Source Files\Slides\Shapes\ShapeEffects</Filter>
    </ClCompile>
    <ClCompile Include="FillShapesPicture.cpp">
      <Filter>Source Files\Slides\Shapes\ShapeEffects</Filter>
    </ClCompile>
    <ClCompile Include="FillShapeswithSolidColor.cpp">
      <Filter>Source Files\Slides\Shapes\ShapeEffects</Filter>
    </ClCompile>
    <ClCompile Include="FindShapeInSlide.cpp">
      <Filter>Source Files\Slides\Shapes\ShapeEffects</Filter>
    </ClCompile>
    <ClCompile Include="Hidingshapes.cpp">
      <Filter>Source Files\Slides\Shapes\ShapeEffects</Filter>
    </ClCompile>
    <ClCompile Include="InterlopShapeID.cpp">
      <Filter>Source Files\Slides\Shapes\ShapeEffects</Filter>
    </ClCompile>
    <ClCompile Include="RemoveShape.cpp">
      <Filter>Source Files\Slides\Shapes\ShapeEffects</Filter>
    </ClCompile>
    <ClCompile Include="RotatingShapes.cpp">
      <Filter>Source Files\Slides\Shapes\ShapeEffects</Filter>
    </ClCompile>
    <ClCompile Include="SetAlternativeText.cpp">
      <Filter>Source Files\Slides\Shapes\ShapeEffects</Filter>
    </ClCompile>
    <ClCompile Include="AccessChildNodes.cpp">
      <Filter>Source Files\Slides\Shapes\SmartArt</Filter>
    </ClCompile>
    <ClCompile Include="AccessChildNodeSpecificPosition.cpp">
      <Filter>Source Files\Slides\Shapes\SmartArt</Filter>
    </ClCompile>
    <ClCompile Include="AccessSmartArt.cpp">
      <Filter>Source Files\Slides\Shapes\SmartArt</Filter>
    </ClCompile>
    <ClCompile Include="AccessSmartArtParticularLayout.cpp">
      <Filter>Source Files\Slides\Shapes\SmartArt</Filter>
    </ClCompile>
    <ClCompile Include="AccessSmartArtShape.cpp">
      <Filter>Source Files\Slides\Shapes\SmartArt</Filter>
    </ClCompile>
    <ClCompile Include="AddNodes.cpp">
      <Filter>Source Files\Slides\Shapes\SmartArt</Filter>
    </ClCompile>
    <ClCompile Include="AddNodesSpecificPosition.cpp">
      <Filter>Source Files\Slides\Shapes\SmartArt</Filter>
    </ClCompile>
    <ClCompile Include="AssistantNode.cpp">
      <Filter>Source Files\Slides\Shapes\SmartArt</Filter>
    </ClCompile>
    <ClCompile Include="ChangeSmartArtLayout.cpp">
      <Filter>Source Files\Slides\Shapes\SmartArt</Filter>
    </ClCompile>
    <ClCompile Include="ChangeSmartArtShapeColorStyle.cpp">
      <Filter>Source Files\Slides\Shapes\SmartArt</Filter>
    </ClCompile>
    <ClCompile Include="ChangeSmartArtState.cpp">
      <Filter>Source Files\Slides\Shapes\SmartArt</Filter>
    </ClCompile>
    <ClCompile Include="ChangeTextOnSmartArtNode.cpp">
      <Filter>Source Files\Slides\Shapes\SmartArt</Filter>
    </ClCompile>
    <ClCompile Include="ChangSmartArtShapeStyle.cpp">
      <Filter>Source Files\Slides\Shapes\SmartArt</Filter>
    </ClCompile>
    <ClCompile Include="CheckSmartArtHiddenProperty.cpp">
      <Filter>Source Files\Slides\Shapes\SmartArt</Filter>
    </ClCompile>
    <ClCompile Include="CreateSmartArtShape.cpp">
      <Filter>Source Files\Slides\Shapes\SmartArt</Filter>
    </ClCompile>
    <ClCompile Include="FillFormatSmartArtShapeNode.cpp">
      <Filter>Source Files\Slides\Shapes\SmartArt</Filter>
    </ClCompile>
    <ClCompile Include="OrganizeChartLayoutType.cpp">
      <Filter>Source Files\Slides\Shapes\SmartArt</Filter>
    </ClCompile>
    <ClCompile Include="RemoveNode.cpp">
      <Filter>Source Files\Slides\Shapes\SmartArt</Filter>
    </ClCompile>
    <ClCompile Include="RemoveNodeSpecificPosition.cpp">
      <Filter>Source Files\Slides\Shapes\SmartArt</Filter>
    </ClCompile>
    <ClCompile Include="SmartArtNodeLevel.cpp">
      <Filter>Source Files\Slides\Shapes\SmartArt</Filter>
    </ClCompile>
    <ClCompile Include="AddImageinsideTableCell.cpp">
      <Filter>Source Files\Slides\Shapes\Tables</Filter>
    </ClCompile>
    <ClCompile Include="CellSplit.cpp">
      <Filter>Source Files\Slides\Shapes\Tables</Filter>
    </ClCompile>
    <ClCompile Include="CloningInTable.cpp">
      <Filter>Source Files\Slides\Shapes\Tables</Filter>
    </ClCompile>
    <ClCompile Include="MergeCell.cpp">
      <Filter>Source Files\Slides\Shapes\Tables</Filter>
    </ClCompile>
    <ClCompile Include="MergeCells.cpp">
      <Filter>Source Files\Slides\Shapes\Tables</Filter>
    </ClCompile>
    <ClCompile Include="RemovingRowColumn.cpp">
      <Filter>Source Files\Slides\Shapes\Tables</Filter>
    </ClCompile>
    <ClCompile Include="StandardTables.cpp">
      <Filter>Source Files\Slides\Shapes\Tables</Filter>
    </ClCompile>
    <ClCompile Include="TableFromScratch.cpp">
      <Filter>Source Files\Slides\Shapes\Tables</Filter>
    </ClCompile>
    <ClCompile Include="TableWithCellBorders.cpp">
      <Filter>Source Files\Slides\Shapes\Tables</Filter>
    </ClCompile>
    <ClCompile Include="UpdateExistingTable.cpp">
      <Filter>Source Files\Slides\Shapes\Tables</Filter>
    </ClCompile>
    <ClCompile Include="VerticallyAlignText.cpp">
      <Filter>Source Files\Slides\Shapes\Tables</Filter>
    </ClCompile>
    <ClCompile Include="ApplyInnerShadow.cpp">
      <Filter>Source Files\Slides\Shapes\Text</Filter>
    </ClCompile>
    <ClCompile Include="ApplyOuterShadow.cpp">
      <Filter>Source Files\Slides\Shapes\Text</Filter>
    </ClCompile>
    <ClCompile Include="CustomRotationAngleTextframe.cpp">
      <Filter>Source Files\Slides\Shapes\Text</Filter>
    </ClCompile>
    <ClCompile Include="DefaultFonts.cpp">
      <Filter>Source Files\Slides\Shapes\Text</Filter>
    </ClCompile>
    <ClCompile Include="ExportingHTMLText.cpp">
      <Filter>Source Files\Slides\Shapes\Text</Filter>
    </ClCompile>
    <ClCompile Include="FontFamilySetting.cpp">
      <Filter>Source Files\Slides\Shapes\Text</Filter>
    </ClCompile>
    <ClCompile Include="FontProperties.cpp">
      <Filter>Source Files\Slides\Shapes\Text</Filter>
    </ClCompile>
    <ClCompile Include="ImportingHTMLText.cpp">
      <Filter>Source Files\Slides\Shapes\Text</Filter>
    </ClCompile>
    <ClCompile Include="LineSpacing.cpp">
      <Filter>Source Files\Slides\Shapes\Text</Filter>
    </ClCompile>
    <ClCompile Include="ManageEmbeddedFonts.cpp">
      <Filter>Source Files\Slides\Shapes\Text</Filter>
    </ClCompile>
    <ClCompile Include="ManageParagraphFontProperties.cpp">
      <Filter>Source Files\Slides\Shapes\Text</Filter>
    </ClCompile>
    <ClCompile Include="ManageParagraphPictureBulletsInPPT.cpp">
      <Filter>Source Files\Slides\Shapes\Text</Filter>
    </ClCompile>
    <ClCompile Include="MultipleParagraphs.cpp">
      <Filter>Source Files\Slides\Shapes\Text</Filter>
    </ClCompile>
    <ClCompile Include="ParagraphBullets.cpp">
      <Filter>Source Files\Slides\Shapes\Text</Filter>
    </ClCompile>
    <ClCompile Include="ParagraphIndent.cpp">
      <Filter>Source Files\Slides\Shapes\Text</Filter>
    </ClCompile>
    <ClCompile Include="ParagraphsAlignment.cpp">
      <Filter>Source Files\Slides\Shapes\Text</Filter>
    </ClCompile>
    <ClCompile Include="ReplaceFontsExplicitly.cpp">
      <Filter>Source Files\Slides\Shapes\Text</Filter>
    </ClCompile>
    <ClCompile Include="ReplacingText.cpp">
      <Filter>Source Files\Slides\Shapes\Text</Filter>
    </ClCompile>
    <ClCompile Include="RotatingText.cpp">
      <Filter>Source Files\Slides\Shapes\Text</Filter>
    </ClCompile>
    <ClCompile Include="RuleBasedFontsReplacement.cpp">
      <Filter>Source Files\Slides\Shapes\Text</Filter>
    </ClCompile>
    <ClCompile Include="SetAnchorOfTextFrame.cpp">
      <Filter>Source Files\Slides\Shapes\Text</Filter>
    </ClCompile>
    <ClCompile Include="SetAutofitOftextframe.cpp">
      <Filter>Source Files\Slides\Shapes\Text</Filter>
    </ClCompile>
    <ClCompile Include="SetTextFontProperties.cpp">
      <Filter>Source Files\Slides\Shapes\Text</Filter>
    </ClCompile>
    <ClCompile Include="ShadowEffects.cpp">
      <Filter>Source Files\Slides\Shapes\Text</Filter>
    </ClCompile>
    <ClCompile Include="TextBoxHyperlink.cpp">
      <Filter>Source Files\Slides\Shapes\Text</Filter>
    </ClCompile>
    <ClCompile Include="TextBoxOnSlideProgram.cpp">
      <Filter>Source Files\Slides\Shapes\Text</Filter>
    </ClCompile>
    <ClCompile Include="UseCustomFonts.cpp">
      <Filter>Source Files\Slides\Shapes\Text</Filter>
    </ClCompile>
    <ClCompile Include="MultiCategoryChart.cpp">
      <Filter>Source Files\Slides\Shapes\Charts</Filter>
    </ClCompile>
    <ClCompile Include="CheckSlidesComparison.cpp">
      <Filter>Source Files\Slides\CRUD</Filter>
    </ClCompile>
    <ClCompile Include="HeaderFooterManager.cpp">
      <Filter>Source Files\Slides\CRUD</Filter>
    </ClCompile>
    <ClCompile Include="SetChildFooter.cpp">
      <Filter>Source Files\Slides\CRUD</Filter>
    </ClCompile>
    <ClCompile Include="SetSizeAndType.cpp">
      <Filter>Source Files\Slides\Layout</Filter>
    </ClCompile>
    <ClCompile Include="SetSlideSizeScale.cpp">
      <Filter>Source Files\Slides\Layout</Filter>
    </ClCompile>
    <ClCompile Include="ConversionToTIFFNotes.cpp">
      <Filter>Source Files\Presentations\Conversions</Filter>
    </ClCompile>
    <ClCompile Include="ConvertNotesSlideViewToPDF.cpp">
      <Filter>Source Files\Presentations\Conversions</Filter>
    </ClCompile>
    <ClCompile Include="ConvertPresentationToPasswordProtectedPDF.cpp">
      <Filter>Source Files\Presentations\Conversions</Filter>
    </ClCompile>
    <ClCompile Include="ConvertPresentationToResponsiveHTML.cpp">
      <Filter>Source Files\Presentations\Conversions</Filter>
    </ClCompile>
    <ClCompile Include="ConvertToPDF.cpp">
      <Filter>Source Files\Presentations\Conversions</Filter>
    </ClCompile>
    <ClCompile Include="ConvertToPDFWithHiddenSlides.cpp">
      <Filter>Source Files\Presentations\Conversions</Filter>
    </ClCompile>
    <ClCompile Include="ConvertToSWF.cpp">
      <Filter>Source Files\Presentations\Conversions</Filter>
    </ClCompile>
    <ClCompile Include="ConvertWholePresentationToHTML.cpp">
      <Filter>Source Files\Presentations\Conversions</Filter>
    </ClCompile>
    <ClCompile Include="ConvertWithoutXpsOptions.cpp">
      <Filter>Source Files\Presentations\Conversions</Filter>
    </ClCompile>
    <ClCompile Include="ConvertWithXpsOptions.cpp">
      <Filter>Source Files\Presentations\Conversions</Filter>
    </ClCompile>
    <ClCompile Include="CustomOptionsPDFConversion.cpp">
      <Filter>Source Files\Presentations\Conversions</Filter>
    </ClCompile>
    <ClCompile Include="PPTtoPPTX.cpp">
      <Filter>Source Files\Presentations\Conversions</Filter>
    </ClCompile>
    <ClCompile Include="PresentationToTIFFWithCustomImagePixelFormat.cpp">
      <Filter>Source Files\Presentations\Conversions</Filter>
    </ClCompile>
    <ClCompile Include="PresentationToTIFFWithDefaultSize.cpp">
      <Filter>Source Files\Presentations\Conversions</Filter>
    </ClCompile>
    <ClCompile Include="OpenPasswordPresentation.cpp">
      <Filter>Source Files\Presentations\Opening</Filter>
    </ClCompile>
    <ClCompile Include="OpenPresentation.cpp">
      <Filter>Source Files\Presentations\Opening</Filter>
    </ClCompile>
    <ClCompile Include="VerifyingPresentationWithoutloading.cpp">
      <Filter>Source Files\Presentations\Opening</Filter>
    </ClCompile>
    <ClCompile Include="CreateNewPresentation.cpp">
      <Filter>Source Files\Presentations\Saving</Filter>
    </ClCompile>
    <ClCompile Include="AccessBuiltinProperties.cpp">
      <Filter>Source Files\Presentations\Properties</Filter>
    </ClCompile>
    <ClCompile Include="AccessModifyingProperties.cpp">
      <Filter>Source Files\Presentations\Properties</Filter>
    </ClCompile>
    <ClCompile Include="AccessProperties.cpp">
      <Filter>Source Files\Presentations\Properties</Filter>
    </ClCompile>
    <ClCompile Include="UpdatePresentationProperties.cpp">
      <Filter>Source Files\Presentations\Properties</Filter>
    </ClCompile>
    <ClCompile Include="UpdatePresentationPropertiesUsingNewTemplate.cpp">
      <Filter>Source Files\Presentations\Properties</Filter>
    </ClCompile>
    <ClCompile Include="UpdatePresentationPropertiesUsingPropertiesOfAnotherPresentationAsATemplate.cpp">
      <Filter>Source Files\Presentations\Properties</Filter>
    </ClCompile>
    <ClCompile Include="RemoveWriteProtection.cpp">
      <Filter>Source Files\Presentations\Saving</Filter>
    </ClCompile>
    <ClCompile Include="SaveAsPredefinedViewType.cpp">
      <Filter>Source Files\Presentations\Saving</Filter>
    </ClCompile>
    <ClCompile Include="SaveAsReadOnly.cpp">
      <Filter>Source Files\Presentations\Saving</Filter>
    </ClCompile>
    <ClCompile Include="SaveProperties.cpp">
      <Filter>Source Files\Presentations\Saving</Filter>
    </ClCompile>
    <ClCompile Include="SaveToFile.cpp">
      <Filter>Source Files\Presentations\Saving</Filter>
    </ClCompile>
    <ClCompile Include="SaveWithPassword.cpp">
      <Filter>Source Files\Presentations\Saving</Filter>
    </ClCompile>
    <ClCompile Include="DefaultPrinterPrinting.cpp">
      <Filter>Source Files\Presentations\Rendering-Printing</Filter>
    </ClCompile>
    <ClCompile Include="SetSlideNumber.cpp">
      <Filter>Source Files\Presentations\Rendering-Printing</Filter>
    </ClCompile>
    <ClCompile Include="SetZoom.cpp">
      <Filter>Source Files\Presentations\Rendering-Printing</Filter>
    </ClCompile>
    <ClCompile Include="SpecificPrinterPrinting.cpp">
      <Filter>Source Files\Presentations\Rendering-Printing</Filter>
    </ClCompile>
    <ClCompile Include="AccessOpenDoc.cpp">
      <Filter>Source Files\Presentations\Opening</Filter>
    </ClCompile>
    <ClCompile Include="LinkAllFontsHtmlController.cpp">
      <Filter>Source Files\Presentations\Conversions</Filter>
    </ClCompile>
    <ClCompile Include="EmbedFontsInHtml.cpp">
      <Filter>Source Files\Presentations\Conversions</Filter>
    </ClCompile>
    <ClCompile Include="ConvertingPresentationToHtmlWithEmbedAllFontsHtmlController.cpp">
      <Filter>Source Files\Presentations\Conversions</Filter>
    </ClCompile>
    <ClCompile Include="GetTextFromSmartArtNode.cpp">
      <Filter>Source Files\Slides\Shapes\SmartArt</Filter>
    </ClCompile>
    <ClCompile Include="AddColumnInTexBoxes.cpp">
      <Filter>Source Files\Slides\Shapes\Text</Filter>
    </ClCompile>
    <ClCompile Include="ExportBlobFromPresentation.cpp">
      <Filter>Source Files\Presentations\Saving</Filter>
    </ClCompile>
    <ClCompile Include="AddBlobToPresentation.cpp">
      <Filter>Source Files\Presentations\Saving</Filter>
    </ClCompile>
    <ClCompile Include="OpenVeryLargePresentation.cpp">
      <Filter>Source Files\Presentations\Opening</Filter>
    </ClCompile>
    <ClCompile Include="SwitchChartRowColumns.cpp">
      <Filter>Source Files\Slides\Shapes\Charts</Filter>
    </ClCompile>
    <ClCompile Include="GetFontsFolders.cpp">
      <Filter>Source Files\Slides\Shapes\Text</Filter>
    </ClCompile>
    <ClCompile Include="AddNotesSlideWithNotesStyle.cpp">
      <Filter>Source Files\Slides\CRUD</Filter>
    </ClCompile>
    <ClCompile Include="SpecifyFontsUsedWithPresentation.cpp">
      <Filter>Source Files\Presentations\LoadOptions</Filter>
    </ClCompile>
    <ClCompile Include="SavingHTMLAndCSSFileWhenExportingIntoHTML.cpp">
      <Filter>Source Files\Presentations\Saving</Filter>
    </ClCompile>
    <ClCompile Include="RenderingNotesWhileConvertingToHTML.cpp">
      <Filter>Source Files\Presentations\Saving</Filter>
    </ClCompile>
    <ClCompile Include="ConvertingPresentationToHTMLWithPreservingOriginalFonts.cpp">
      <Filter>Source Files\Presentations\Saving</Filter>
    </ClCompile>
    <ClCompile Include="SettingAutomicPieChartSliceColors.cpp">
      <Filter>Source Files\Slides\Shapes\Charts</Filter>
    </ClCompile>
    <ClCompile Include="EndParaGraphProperties.cpp">
      <Filter>Source Files\Slides\Shapes\Text</Filter>
    </ClCompile>
    <ClCompile Include="RenderComments.cpp">
      <Filter>Source Files\Slides\Rendering</Filter>
    </ClCompile>
    <ClCompile Include="ConvertIndividualSlideToHTML.cpp">
      <Filter>Source Files\Presentations\Conversions</Filter>
    </ClCompile>
    <ClCompile Include="AddingEMZImagesToImageCollection.cpp">
      <Filter>Source Files\Slides\Shapes\ManageFrameObjects</Filter>
    </ClCompile>
    <ClCompile Include="AddEmbeddedFonts.cpp">
      <Filter>Source Files\Slides\Shapes\Text</Filter>
    </ClCompile>
    <ClCompile Include="InsertSvgIntoPresentation.cpp">
      <Filter>Source Files\Slides\Shapes\ManageFrameObjects</Filter>
    </ClCompile>
    <ClCompile Include="AddingSuperscriptAndSubscriptTextInTextFrame.cpp">
      <Filter>Source Files\Slides\Shapes\Text</Filter>
    </ClCompile>
    <ClCompile Include="StretchOffsetLeftForPictureFrame.cpp">
      <Filter>Source Files\Slides\Shapes\ShapeEffects</Filter>
    </ClCompile>
    <ClCompile Include="ManageSlidesSections.cpp">
      <Filter>Source Files\Slides\CRUD</Filter>
    </ClCompile>
    <ClCompile Include="CustomHeaderAndFontsController.cpp">
      <Filter>Source Files\Presentations\Saving</Filter>
    </ClCompile>
    <ClCompile Include="ApplyingExternalThemeToDependingSlides.cpp">
      <Filter>Source Files\Presentations\Saving</Filter>
    </ClCompile>
    <ClCompile Include="BestImagesCompressionRatioforPDF.cpp">
      <Filter>Source Files\Presentations\Conversions</Filter>
    </ClCompile>
    <ClCompile Include="HandoutHeaderFooterManager.cpp">
      <Filter>Source Files\Slides\CRUD</Filter>
    </ClCompile>
    <ClCompile Include="MasterNotesSlideHeaderFooterManager.cpp">
      <Filter>Source Files\Slides\CRUD</Filter>
    </ClCompile>
    <ClCompile Include="SettingInterruptionToken.cpp">
      <Filter>Source Files\Presentations\Saving</Filter>
    </ClCompile>
    <ClCompile Include="AnimationsOnOLEObject.cpp">
      <Filter>Source Files\Slides\Shapes\ShapeEffects</Filter>
    </ClCompile>
    <ClCompile Include="PictureOrganizationChart.cpp">
      <Filter>Source Files\Slides\Shapes\SmartArt</Filter>
    </ClCompile>
    <ClCompile Include="AddBoxAndWhiskerChart.cpp">
      <Filter>Source Files\Slides\Shapes\Charts</Filter>
    </ClCompile>
    <ClCompile Include="AddFunnelChart.cpp">
      <Filter>Source Files\Slides\Shapes\Charts</Filter>
    </ClCompile>
    <ClCompile Include="AddHistogramChart.cpp">
      <Filter>Source Files\Slides\Shapes\Charts</Filter>
    </ClCompile>
    <ClCompile Include="CreateShapeSVGImage.cpp">
      <Filter>Source Files\Slides\Shapes\ShapeEffects</Filter>
    </ClCompile>
    <ClCompile Include="AddHistogramParetoChart.cpp">
      <Filter>Source Files\Slides\Shapes\Charts</Filter>
    </ClCompile>
    <ClCompile Include="AddSunburstChart.cpp">
      <Filter>Source Files\Slides\Shapes\Charts</Filter>
    </ClCompile>
    <ClCompile Include="AddTreemapChart.cpp">
      <Filter>Source Files\Slides\Shapes\Charts</Filter>
    </ClCompile>
    <ClCompile Include="AddWaterfallChart.cpp">
      <Filter>Source Files\Slides\Shapes\Charts</Filter>
    </ClCompile>
    <ClCompile Include="DateFormatForCategoryAxis.cpp">
      <Filter>Source Files\Slides\Shapes\Charts</Filter>
    </ClCompile>
    <ClCompile Include="VerticalAxisRotationAngle.cpp">
      <Filter>Source Files\Slides\Shapes\Charts</Filter>
    </ClCompile>
    <ClCompile Include="SetMarkerOptionsonSeries.cpp">
      <Filter>Source Files\Slides\Shapes\Charts</Filter>
    </ClCompile>
    <ClCompile Include="SettingBubbleChartScaling.cpp">
      <Filter>Source Files\Slides\Shapes\Charts</Filter>
    </ClCompile>
    <ClCompile Include="SettingPositionAxis.cpp">
      <Filter>Source Files\Slides\Shapes\Charts</Filter>
    </ClCompile>
    <ClCompile Include="SettingPrecisionOfDataLabel.cpp">
      <Filter>Source Files\Slides\Shapes\Charts</Filter>
    </ClCompile>
    <ClCompile Include="ShowDisplayUnitLabelOnChartValueAxis.cpp">
      <Filter>Source Files\Slides\Shapes\Charts</Filter>
    </ClCompile>
    <ClCompile Include="CustomChildNodesInSmartArt.cpp">
      <Filter>Source Files\Slides\Shapes\SmartArt</Filter>
    </ClCompile>
    <ClCompile Include="GetChartImage.cpp">
      <Filter>Source Files\Slides\Shapes\Charts</Filter>
    </ClCompile>
    <ClCompile Include="ChangingSeriesColor.cpp">
      <Filter>Source Files\Slides\Shapes\Charts</Filter>
    </ClCompile>
    <ClCompile Include="SettingChartAreaRoundedBorders.cpp">
      <Filter>Source Files\Slides\Shapes\Charts</Filter>
    </ClCompile>
    <ClCompile Include="ChangeColorOfCategoriesInSeries.cpp">
      <Filter>Source Files\Slides\Shapes\Charts</Filter>
    </ClCompile>
    <ClCompile Include="SettingFontPropertiesForChartDataTable.cpp">
      <Filter>Source Files\Slides\Shapes\Charts</Filter>
    </ClCompile>
    <ClCompile Include="SettingFontSizeOfLegend.cpp">
      <Filter>Source Files\Slides\Shapes\Charts</Filter>
    </ClCompile>
    <ClCompile Include="SettingFontSizeOfIndividualLegend.cpp">
      <Filter>Source Files\Slides\Shapes\Charts</Filter>
    </ClCompile>
    <ClCompile Include="SettingInvertIfNegativePropertyForIndividualSeries.cpp">
      <Filter>Source Files\Slides\Shapes\Charts</Filter>
    </ClCompile>
    <ClCompile Include="AddStockChart.cpp">
      <Filter>Source Files\Slides\Shapes\Charts</Filter>
    </ClCompile>
    <ClCompile Include="AddDoughnutCallout.cpp">
      <Filter>Source Files\Slides\Shapes\Charts</Filter>
    </ClCompile>
    <ClCompile Include="GetEffectsByTextParagraph.cpp">
      <Filter>Source Files\Slides\Shapes\Text</Filter>
    </ClCompile>
    <ClCompile Include="MutilevelBullets.cpp">
      <Filter>Source Files\Slides\Shapes\Text</Filter>
    </ClCompile>
    <ClCompile Include="SupportOfMorphTransition.cpp">
      <Filter>Source Files\Slides\Transitions</Filter>
    </ClCompile>
    <ClCompile Include="SetTransitionMorphType.cpp">
      <Filter>Source Files\Slides\Transitions</Filter>
    </ClCompile>
    <ClCompile Include="SetTransparencyOfTextInShadow.cpp">
      <Filter>Source Files\Slides\Shapes\Text</Filter>
    </ClCompile>
    <ClCompile Include="ApplyProtection.cpp">
      <Filter>Source Files\Presentations\Saving</Filter>
    </ClCompile>
    <ClCompile Include="RemoveProtection.cpp">
      <Filter>Source Files\Presentations\Saving</Filter>
    </ClCompile>
    <ClCompile Include="CopyParagraph.cpp">
      <Filter>Source Files\Slides\Shapes\Text</Filter>
    </ClCompile>
    <ClCompile Include="CopyPortion.cpp">
      <Filter>Source Files\Slides\Shapes\Text</Filter>
    </ClCompile>
    <ClCompile Include="ExtractTextFromSlide.cpp">
      <Filter>Source Files\Slides\Shapes\Text</Filter>
    </ClCompile>
    <ClCompile Include="SetHyperLinkColor.cpp">
      <Filter>Source Files\Slides\Hyperlinks</Filter>
    </ClCompile>
    <ClCompile Include="MutableHyperlink.cpp">
      <Filter>Source Files\Slides\Hyperlinks</Filter>
    </ClCompile>
    <ClCompile Include="ExportToHTMLWithResponsiveLayout.cpp">
      <Filter>Source Files\Presentations\Conversions</Filter>
    </ClCompile>
    <ClCompile Include="HighlightText.cpp">
      <Filter>Source Files\Slides\Shapes\Text</Filter>
    </ClCompile>
    <ClCompile Include="HighlightTextUsingRegx.cpp">
      <Filter>Source Files\Slides\Shapes\Text</Filter>
    </ClCompile>
    <ClCompile Include="AddHyperlink.cpp">
      <Filter>Source Files\Slides\Hyperlinks</Filter>
    </ClCompile>
    <ClCompile Include="RemoveHyperlinks.cpp">
      <Filter>Source Files\Slides\Hyperlinks</Filter>
    </ClCompile>
    <ClCompile Include="EditChartDatainExternalWorkbook.cpp">
      <Filter>Source Files\Slides\Shapes\Charts</Filter>
    </ClCompile>
    <ClCompile Include="GetBackgroundEffectiveValues.cpp">
      <Filter>Source Files\Slides\Background</Filter>
    </ClCompile>
    <ClCompile Include="AddBlobImageToPresentation.cpp">
      <Filter>Source Files\Presentations\Saving</Filter>
    </ClCompile>
    <ClCompile Include="CovertToPDFWithProgressUpdate.cpp">
      <Filter>Source Files\Presentations\Conversions</Filter>
    </ClCompile>
    <ClCompile Include="LockAspectRatio.cpp">
      <Filter>Source Files\Slides\Shapes\Tables</Filter>
    </ClCompile>
    <ClCompile Include="AddingCustomLines.cpp">
      <Filter>Source Files\Slides\Shapes\Charts</Filter>
    </ClCompile>
    <ClCompile Include="HideInformationFromChart.cpp">
      <Filter>Source Files\Slides\Shapes\Charts</Filter>
    </ClCompile>
    <ClCompile Include="ExtractingVBAMacros.cpp">
      <Filter>Source Files\Slides\VBA</Filter>
    </ClCompile>
    <ClCompile Include="MeteredLicencing.cpp">
      <Filter>Source Files</Filter>
    </ClCompile>
    <ClCompile Include="PresentationExport.cpp">
      <Filter>Source Files</Filter>
    </ClCompile>
    <ClCompile Include="ClearSpecificChartSeriesDataPointsData.cpp">
      <Filter>Source Files\Slides\Shapes\Charts</Filter>
    </ClCompile>
    <ClCompile Include="DefaultMarkersInChart.cpp">
      <Filter>Source Files\Slides\Shapes\Charts</Filter>
    </ClCompile>
    <ClCompile Include="FontPropertiesForChart.cpp">
      <Filter>Source Files\Slides\Shapes\Charts</Filter>
    </ClCompile>
    <ClCompile Include="SetExternalWorkbookWithUpdateChartData.cpp">
      <Filter>Source Files\Slides\Shapes\Charts</Filter>
    </ClCompile>
    <ClCompile Include="GetEffectiveValues.cpp">
      <Filter>Source Files\Slides\Shapes\Text</Filter>
    </ClCompile>
    <ClCompile Include="SetLocalFontHeightValues.cpp">
      <Filter>Source Files\Slides\Shapes\Text</Filter>
    </ClCompile>
    <ClCompile Include="GetEffectiveValuesOfTable.cpp">
      <Filter>Source Files\Slides\Shapes\Tables</Filter>
    </ClCompile>
    <ClCompile Include="SetLayoutMode.cpp">
      <Filter>Source Files\Slides\Shapes\Charts</Filter>
    </ClCompile>
    <ClCompile Include="SetCustomBulletsNumber.cpp">
      <Filter>Source Files\Slides\Shapes\Text</Filter>
    </ClCompile>
    <ClCompile Include="SaveToStream.cpp">
      <Filter>Source Files\Presentations\Saving</Filter>
    </ClCompile>
    <ClCompile Include="GetFileFormat.cpp">
      <Filter>Source Files\Presentations\Opening</Filter>
    </ClCompile>
    <ClCompile Include="LoadFormatEnumeration.cpp">
      <Filter>Source Files\Presentations\Opening</Filter>
    </ClCompile>
    <ClCompile Include="SetFontFallBack.cpp">
      <Filter>Source Files\Slides\Shapes\Text</Filter>
    </ClCompile>
    <ClCompile Include="FallBackRulesCollection.cpp">
      <Filter>Source Files\Slides\Shapes\Text</Filter>
    </ClCompile>
    <ClCompile Include="RenderingWithFallBackFont.cpp">
      <Filter>Source Files\Slides\Shapes\Text</Filter>
    </ClCompile>
    <ClCompile Include="ExtractEmbeddedFileDataFromOLEObject.cpp">
      <Filter>Source Files\Slides\Shapes\ManageFrameObjects</Filter>
    </ClCompile>
    <ClCompile Include="CloneSlideIntoSpecifiedSection.cpp">
      <Filter>Source Files\Presentations\Opening</Filter>
    </ClCompile>
    <ClCompile Include="SetAccessPermissionsToPDF.cpp">
      <Filter>Source Files\Presentations\Opening</Filter>
    </ClCompile>
    <ClCompile Include="AddColorToDataPoints.cpp">
      <Filter>Source Files\Slides\Shapes\Charts</Filter>
    </ClCompile>
    <ClCompile Include="SetDefaultFont.cpp">
      <Filter>Source Files\Slides\Shapes\Text</Filter>
    </ClCompile>
    <ClCompile Include="stdafx.cpp">
      <Filter>Source Files</Filter>
    </ClCompile>
    <ClCompile Include="GetTextStyleEffectiveData.cpp">
      <Filter>Source Files\Slides\Shapes\Text</Filter>
    </ClCompile>
    <ClCompile Include="SetFileTypeForAnEmbeddingObject.cpp">
      <Filter>Source Files\Slides\Shapes\ManageFrameObjects</Filter>
    </ClCompile>
    <ClCompile Include="GeneratingSVGWithCustomShapeIDS.cpp">
      <Filter>Source Files\Presentations\Conversions</Filter>
    </ClCompile>
    <ClCompile Include="SetExternalWorkbook.cpp">
      <Filter>Source Files\Slides\Shapes\Charts</Filter>
    </ClCompile>
    <ClCompile Include="AddImageFromSVGObject.cpp">
      <Filter>Source Files\Presentations\Saving</Filter>
    </ClCompile>
    <ClCompile Include="AddColumnsinTextFrame.cpp">
      <Filter>Source Files\Slides\Shapes\Text</Filter>
    </ClCompile>
    <ClCompile Include="AddCustomPromptText.cpp">
      <Filter>Source Files\Slides\Shapes\Text</Filter>
    </ClCompile>
    <ClCompile Include="AddSlides.cpp">
      <Filter>Source Files\Slides\CRUD</Filter>
    </ClCompile>
    <ClCompile Include="AddParentComments.cpp">
      <Filter>Source Files\Slides\Comments</Filter>
    </ClCompile>
    <ClCompile Include="GetTextFrameFormatEffectiveData.cpp">
      <Filter>Source Files\Slides\Shapes\Text</Filter>
    </ClCompile>
    <ClCompile Include="GetShapeBevelEffectiveData.cpp">
      <Filter>Source Files\Slides\Shapes</Filter>
    </ClCompile>
    <ClCompile Include="AnimationEffectInParagraph.cpp">
      <Filter>Source Files\Slides\Shapes\Text</Filter>
    </ClCompile>
    <ClCompile Include="GetCameraEffectiveData.cpp">
      <Filter>Source Files\Slides\Shapes</Filter>
    </ClCompile>
    <ClCompile Include="CreateExternalWorkbook.cpp">
      <Filter>Source Files\Slides\Shapes\Charts</Filter>
    </ClCompile>
    <ClCompile Include="SupportOfBubbleSizeRepresentation.cpp">
      <Filter>Source Files\Slides\Shapes\Charts</Filter>
    </ClCompile>
    <ClCompile Include="GetLightRigEffectiveData.cpp">
      <Filter>Source Files\Slides\Shapes</Filter>
    </ClCompile>
    <ClCompile Include="AddImageFromSVGObjectFromExternalResource.cpp">
      <Filter>Source Files\Presentations\Saving</Filter>
    </ClCompile>
    <ClCompile Include="ConvertSvgImageObjectIntoGroupOfShapes.cpp">
      <Filter>Source Files\Presentations\Saving</Filter>
    </ClCompile>
    <ClCompile Include="ManagePresenetationNormalViewState.cpp">
      <Filter>Source Files\Slides\Views</Filter>
    </ClCompile>
    <ClCompile Include="SubstitutePictureTitleOfOLEObjectFrame.cpp">
      <Filter>Source Files\Slides\Shapes</Filter>
    </ClCompile>
    <ClCompile Include="PortionGetRect.cpp">
      <Filter>Source Files\Slides\Shapes\Text</Filter>
    </ClCompile>
    <ClCompile Include="AddRadarChart.cpp">
      <Filter>Source Files\Slides\Shapes\Charts</Filter>
    </ClCompile>
    <ClCompile Include="ConvertToFodp.cpp">
      <Filter>Source Files\Presentations\Conversions</Filter>
    </ClCompile>
    <ClCompile Include="AddMathematicalShape.cpp">
      <Filter>Source Files\Slides\Shapes</Filter>
    </ClCompile>
    <ClCompile Include="SetChartDataCellFormulas.cpp">
      <Filter>Source Files\Slides\Shapes\Charts</Filter>
    </ClCompile>
    <ClCompile Include="ReadOnlyRecommendedProperties.cpp">
      <Filter>Source Files\Presentations\Properties</Filter>
    </ClCompile>
    <ClCompile Include="SpreadsheetFormulasOptions.cpp">
      <Filter>Source Files\Slides\Shapes\Charts</Filter>
    </ClCompile>
    <ClCompile Include="ConvertToPdfConformancePdf1A_PdfUa.cpp">
      <Filter>Source Files\Presentations\Conversions</Filter>
    </ClCompile>
    <ClCompile Include="ShapesAlignment.cpp">
      <Filter>Source Files\Slides\Shapes</Filter>
    </ClCompile>
    <ClCompile Include="CheckPresentationProtection.cpp">
      <Filter>Source Files\Presentations\Properties</Filter>
    </ClCompile>
    <ClCompile Include="SupportOfDigitalSignature.cpp">
      <Filter>Source Files\Presentations\Rendering-Printing</Filter>
    </ClCompile>
  </ItemGroup>
  <ItemGroup>
    <ClInclude Include="SlidesExamples.h">
      <Filter>Header Files</Filter>
    </ClInclude>
    <ClInclude Include="CustomHeaderAndFontsController.h">
      <Filter>Header Files</Filter>
    </ClInclude>
    <ClInclude Include="LinkAllFontsHtmlController.h">
      <Filter>Header Files</Filter>
    </ClInclude>
    <ClInclude Include="stdafx.h">
      <Filter>Header Files</Filter>
    </ClInclude>
  </ItemGroup>
  <ItemGroup>
    <None Include="packages.config" />
  </ItemGroup>
  <ItemGroup>
    <Natvis Include="$(MSBuildThisFileDirectory)tools\aspose_types.natvis" />
  </ItemGroup>
</Project>